
Microsoft Visual Studio Solution File, Format Version 12.00
# Visual Studio Version 17
VisualStudioVersion = 17.6.33815.320
MinimumVisualStudioVersion = 10.0.40219.1
Project("{FAE04EC0-301F-11D3-BF4B-00C04F79EFBC}") = "serverCore", "serverCore.csproj", "{038881D1-2BD5-4660-B130-C3D11638CF1C}"
EndProject
Global
	GlobalSection(SolutionConfigurationPlatforms) = preSolution
		Debug|Any CPU = Debug|Any CPU
		Release|Any CPU = Release|Any CPU
	EndGlobalSection
	GlobalSection(ProjectConfigurationPlatforms) = postSolution
		{038881D1-2BD5-4660-B130-C3D11638CF1C}.Debug|Any CPU.ActiveCfg = Debug|Any CPU
		{038881D1-2BD5-4660-B130-C3D11638CF1C}.Debug|Any CPU.Build.0 = Debug|Any CPU
		{038881D1-2BD5-4660-B130-C3D11638CF1C}.Release|Any CPU.ActiveCfg = Release|Any CPU
		{038881D1-2BD5-4660-B130-C3D11638CF1C}.Release|Any CPU.Build.0 = Release|Any CPU
	EndGlobalSection
	GlobalSection(SolutionProperties) = preSolution
		HideSolutionNode = FALSE
	EndGlobalSection
	GlobalSection(ExtensibilityGlobals) = postSolution
		SolutionGuid = {B60FB848-DB7C-45C3-A59B-4F27610A3887}
	EndGlobalSection
EndGlobal
